
Microsoft Visual Studio Solution File, Format Version 12.00
# Visual Studio 15
VisualStudioVersion = 15.0.26730.12
MinimumVisualStudioVersion = 10.0.40219.1
Project("{FAE04EC0-301F-11D3-BF4B-00C04F79EFBC}") = "InvoiceServices.InvcManager", "InvoiceServices.InvcManager\InvoiceServices.InvcManager.csproj", "{8D05E001-F3E4-4042-98E1-16612F215DB9}"
EndProject
Project("{E53339B2-1760-4266-BCC7-CA923CBCF16C}") = "docker-compose", "docker-compose.dcproj", "{2E47B0A4-7B2C-465A-A883-D88C9A276E8B}"
EndProject
Project("{FAE04EC0-301F-11D3-BF4B-00C04F79EFBC}") = "InvoiceServices.InvcManager.Core", "InvoiceServices.InvcManager.Core\InvoiceServices.InvcManager.Core.csproj", "{BBD370B7-B785-4B4C-BBF3-3086202DA86E}"
EndProject
Global
	GlobalSection(SolutionConfigurationPlatforms) = preSolution
		Debug|Any CPU = Debug|Any CPU
		Release|Any CPU = Release|Any CPU
	EndGlobalSection
	GlobalSection(ProjectConfigurationPlatforms) = postSolution
		{8D05E001-F3E4-4042-98E1-16612F215DB9}.Debug|Any CPU.ActiveCfg = Debug|Any CPU
		{8D05E001-F3E4-4042-98E1-16612F215DB9}.Debug|Any CPU.Build.0 = Debug|Any CPU
		{8D05E001-F3E4-4042-98E1-16612F215DB9}.Release|Any CPU.ActiveCfg = Release|Any CPU
		{8D05E001-F3E4-4042-98E1-16612F215DB9}.Release|Any CPU.Build.0 = Release|Any CPU
		{2E47B0A4-7B2C-465A-A883-D88C9A276E8B}.Debug|Any CPU.ActiveCfg = Debug|Any CPU
		{2E47B0A4-7B2C-465A-A883-D88C9A276E8B}.Debug|Any CPU.Build.0 = Debug|Any CPU
		{2E47B0A4-7B2C-465A-A883-D88C9A276E8B}.Release|Any CPU.ActiveCfg = Release|Any CPU
		{2E47B0A4-7B2C-465A-A883-D88C9A276E8B}.Release|Any CPU.Build.0 = Release|Any CPU
		{BBD370B7-B785-4B4C-BBF3-3086202DA86E}.Debug|Any CPU.ActiveCfg = Debug|Any CPU
		{BBD370B7-B785-4B4C-BBF3-3086202DA86E}.Debug|Any CPU.Build.0 = Debug|Any CPU
		{BBD370B7-B785-4B4C-BBF3-3086202DA86E}.Release|Any CPU.ActiveCfg = Release|Any CPU
		{BBD370B7-B785-4B4C-BBF3-3086202DA86E}.Release|Any CPU.Build.0 = Release|Any CPU
	EndGlobalSection
	GlobalSection(SolutionProperties) = preSolution
		HideSolutionNode = FALSE
	EndGlobalSection
	GlobalSection(ExtensibilityGlobals) = postSolution
		SolutionGuid = {83EA12A3-07C3-4F2E-B2FD-363E9C44F636}
	EndGlobalSection
EndGlobal
